github.com/LukaGiorgadze/gonull v1.2.0 h1:I+/pHqr9dySqf6A4agJazrFA8XlrUohqdb10nFIaxJU=
github.com/LukaGiorgadze/gonull v1.2.0/go.mod h1:iGbXOBV6y4VkT14x//F3yZiIxe1ylZYor05pZb0/9TM=
github.com/gorilla/mux v1.8.1 h1:TuBL49tXwgrFYWhqrNgrUNEY92u81SPhu7sTdzQEiWY=
github.com/gorilla/mux v1.8.1/go.mod h1:AKf9I4AEqPTmMytcMc0KkNouC66V3BtZ4qD5fmWSiMQ=
